
Microsoft Visual Studio Solution File, Format Version 12.00
# Visual Studio Version 16
VisualStudioVersion = 16.0.29519.181
MinimumVisualStudioVersion = 10.0.40219.1
Project("{FAE04EC0-301F-11D3-BF4B-00C04F79EFBC}") = "Pokedex.Android", "Pokedex\Pokedex.Android\Pokedex.Android.csproj", "{E7935641-E6F9-41AA-9A0B-94EDA6F8F393}"
EndProject
Project("{FAE04EC0-301F-11D3-BF4B-00C04F79EFBC}") = "Pokedex.iOS", "Pokedex\Pokedex.iOS\Pokedex.iOS.csproj", "{603DF944-62A0-4FCC-ADB6-12CC5BE0AB43}"
EndProject
Project("{FAE04EC0-301F-11D3-BF4B-00C04F79EFBC}") = "Pokedex", "Pokedex\Pokedex\Pokedex.csproj", "{CE2D3905-201B-4F09-AC1C-29F3399CBBD7}"
EndProject
Project("{2150E333-8FDC-42A3-9474-1A3956D46DE8}") = "Solution Items", "Solution Items", "{323F1119-0E6E-489A-9009-4450602DDA0E}"
	ProjectSection(SolutionItems) = preProject
		..\README.md = ..\README.md
	EndProjectSection
EndProject
Project("{9A19103F-16F7-4668-BE54-9A1E7A4F7556}") = "PokeApiNet", "Pokedex\PokeApiNet\PokeApiNet.csproj", "{8DBE4E62-BBB9-4EA0-8A2E-0D1A7543F322}"
EndProject
Global
	GlobalSection(SolutionConfigurationPlatforms) = preSolution
		Debug|Any CPU = Debug|Any CPU
		Debug|iPhone = Debug|iPhone
		Debug|iPhoneSimulator = Debug|iPhoneSimulator
		Release|Any CPU = Release|Any CPU
		Release|iPhone = Release|iPhone
		Release|iPhoneSimulator = Release|iPhoneSimulator
	EndGlobalSection
	GlobalSection(ProjectConfigurationPlatforms) = postSolution
		{E7935641-E6F9-41AA-9A0B-94EDA6F8F393}.Debug|Any CPU.ActiveCfg = Debug|Any CPU
		{E7935641-E6F9-41AA-9A0B-94EDA6F8F393}.Debug|Any CPU.Build.0 = Debug|Any CPU
		{E7935641-E6F9-41AA-9A0B-94EDA6F8F393}.Debug|Any CPU.Deploy.0 = Debug|Any CPU
		{E7935641-E6F9-41AA-9A0B-94EDA6F8F393}.Debug|iPhone.ActiveCfg = Debug|Any CPU
		{E7935641-E6F9-41AA-9A0B-94EDA6F8F393}.Debug|iPhone.Build.0 = Debug|Any CPU
		{E7935641-E6F9-41AA-9A0B-94EDA6F8F393}.Debug|iPhone.Deploy.0 = Debug|Any CPU
		{E7935641-E6F9-41AA-9A0B-94EDA6F8F393}.Debug|iPhoneSimulator.ActiveCfg = Debug|Any CPU
		{E7935641-E6F9-41AA-9A0B-94EDA6F8F393}.Debug|iPhoneSimulator.Build.0 = Debug|Any CPU
		{E7935641-E6F9-41AA-9A0B-94EDA6F8F393}.Debug|iPhoneSimulator.Deploy.0 = Debug|Any CPU
		{E7935641-E6F9-41AA-9A0B-94EDA6F8F393}.Release|Any CPU.ActiveCfg = Release|Any CPU
		{E7935641-E6F9-41AA-9A0B-94EDA6F8F393}.Release|Any CPU.Build.0 = Release|Any CPU
		{E7935641-E6F9-41AA-9A0B-94EDA6F8F393}.Release|Any CPU.Deploy.0 = Release|Any CPU
		{E7935641-E6F9-41AA-9A0B-94EDA6F8F393}.Release|iPhone.ActiveCfg = Release|Any CPU
		{E7935641-E6F9-41AA-9A0B-94EDA6F8F393}.Release|iPhone.Build.0 = Release|Any CPU
		{E7935641-E6F9-41AA-9A0B-94EDA6F8F393}.Release|iPhone.Deploy.0 = Release|Any CPU
		{E7935641-E6F9-41AA-9A0B-94EDA6F8F393}.Release|iPhoneSimulator.ActiveCfg = Release|Any CPU
		{E7935641-E6F9-41AA-9A0B-94EDA6F8F393}.Release|iPhoneSimulator.Build.0 = Release|Any CPU
		{E7935641-E6F9-41AA-9A0B-94EDA6F8F393}.Release|iPhoneSimulator.Deploy.0 = Release|Any CPU
		{603DF944-62A0-4FCC-ADB6-12CC5BE0AB43}.Debug|Any CPU.ActiveCfg = Debug|iPhoneSimulator
		{603DF944-62A0-4FCC-ADB6-12CC5BE0AB43}.Debug|Any CPU.Build.0 = Debug|iPhoneSimulator
		{603DF944-62A0-4FCC-ADB6-12CC5BE0AB43}.Debug|Any CPU.Deploy.0 = Debug|iPhoneSimulator
		{603DF944-62A0-4FCC-ADB6-12CC5BE0AB43}.Debug|iPhone.ActiveCfg = Debug|iPhone
		{603DF944-62A0-4FCC-ADB6-12CC5BE0AB43}.Debug|iPhone.Build.0 = Debug|iPhone
		{603DF944-62A0-4FCC-ADB6-12CC5BE0AB43}.Debug|iPhone.Deploy.0 = Debug|iPhone
		{603DF944-62A0-4FCC-ADB6-12CC5BE0AB43}.Debug|iPhoneSimulator.ActiveCfg = Debug|iPhoneSimulator
		{603DF944-62A0-4FCC-ADB6-12CC5BE0AB43}.Debug|iPhoneSimulator.Build.0 = Debug|iPhoneSimulator
		{603DF944-62A0-4FCC-ADB6-12CC5BE0AB43}.Debug|iPhoneSimulator.Deploy.0 = Debug|iPhoneSimulator
		{603DF944-62A0-4FCC-ADB6-12CC5BE0AB43}.Release|Any CPU.ActiveCfg = Release|iPhone
		{603DF944-62A0-4FCC-ADB6-12CC5BE0AB43}.Release|Any CPU.Build.0 = Release|iPhone
		{603DF944-62A0-4FCC-ADB6-12CC5BE0AB43}.Release|Any CPU.Deploy.0 = Release|iPhone
		{603DF944-62A0-4FCC-ADB6-12CC5BE0AB43}.Release|iPhone.ActiveCfg = Release|iPhone
		{603DF944-62A0-4FCC-ADB6-12CC5BE0AB43}.Release|iPhone.Build.0 = Release|iPhone
		{603DF944-62A0-4FCC-ADB6-12CC5BE0AB43}.Release|iPhone.Deploy.0 = Release|iPhone
		{603DF944-62A0-4FCC-ADB6-12CC5BE0AB43}.Release|iPhoneSimulator.ActiveCfg = Release|iPhoneSimulator
		{603DF944-62A0-4FCC-ADB6-12CC5BE0AB43}.Release|iPhoneSimulator.Build.0 = Release|iPhoneSimulator
		{603DF944-62A0-4FCC-ADB6-12CC5BE0AB43}.Release|iPhoneSimulator.Deploy.0 = Release|iPhoneSimulator
		{CE2D3905-201B-4F09-AC1C-29F3399CBBD7}.Debug|Any CPU.ActiveCfg = Debug|Any CPU
		{CE2D3905-201B-4F09-AC1C-29F3399CBBD7}.Debug|Any CPU.Build.0 = Debug|Any CPU
		{CE2D3905-201B-4F09-AC1C-29F3399CBBD7}.Debug|Any CPU.Deploy.0 = Debug|Any CPU
		{CE2D3905-201B-4F09-AC1C-29F3399CBBD7}.Debug|iPhone.ActiveCfg = Debug|Any CPU
		{CE2D3905-201B-4F09-AC1C-29F3399CBBD7}.Debug|iPhone.Build.0 = Debug|Any CPU
		{CE2D3905-201B-4F09-AC1C-29F3399CBBD7}.Debug|iPhone.Deploy.0 = Debug|Any CPU
		{CE2D3905-201B-4F09-AC1C-29F3399CBBD7}.Debug|iPhoneSimulator.ActiveCfg = Debug|Any CPU
		{CE2D3905-201B-4F09-AC1C-29F3399CBBD7}.Debug|iPhoneSimulator.Build.0 = Debug|Any CPU
		{CE2D3905-201B-4F09-AC1C-29F3399CBBD7}.Debug|iPhoneSimulator.Deploy.0 = Debug|Any CPU
		{CE2D3905-201B-4F09-AC1C-29F3399CBBD7}.Release|Any CPU.ActiveCfg = Release|Any CPU
		{CE2D3905-201B-4F09-AC1C-29F3399CBBD7}.Release|Any CPU.Build.0 = Release|Any CPU
		{CE2D3905-201B-4F09-AC1C-29F3399CBBD7}.Release|Any CPU.Deploy.0 = Release|Any CPU
		{CE2D3905-201B-4F09-AC1C-29F3399CBBD7}.Release|iPhone.ActiveCfg = Release|Any CPU
		{CE2D3905-201B-4F09-AC1C-29F3399CBBD7}.Release|iPhone.Build.0 = Release|Any CPU
		{CE2D3905-201B-4F09-AC1C-29F3399CBBD7}.Release|iPhone.Deploy.0 = Release|Any CPU
		{CE2D3905-201B-4F09-AC1C-29F3399CBBD7}.Release|iPhoneSimulator.ActiveCfg = Release|Any CPU
		{CE2D3905-201B-4F09-AC1C-29F3399CBBD7}.Release|iPhoneSimulator.Build.0 = Release|Any CPU
		{CE2D3905-201B-4F09-AC1C-29F3399CBBD7}.Release|iPhoneSimulator.Deploy.0 = Release|Any CPU
		{8DBE4E62-BBB9-4EA0-8A2E-0D1A7543F322}.Debug|Any CPU.ActiveCfg = Debug|Any CPU
		{8DBE4E62-BBB9-4EA0-8A2E-0D1A7543F322}.Debug|Any CPU.Build.0 = Debug|Any CPU
		{8DBE4E62-BBB9-4EA0-8A2E-0D1A7543F322}.Debug|iPhone.ActiveCfg = Debug|Any CPU
		{8DBE4E62-BBB9-4EA0-8A2E-0D1A7543F322}.Debug|iPhone.Build.0 = Debug|Any CPU
		{8DBE4E62-BBB9-4EA0-8A2E-0D1A7543F322}.Debug|iPhoneSimulator.ActiveCfg = Debug|Any CPU
		{8DBE4E62-BBB9-4EA0-8A2E-0D1A7543F322}.Debug|iPhoneSimulator.Build.0 = Debug|Any CPU
		{8DBE4E62-BBB9-4EA0-8A2E-0D1A7543F322}.Release|Any CPU.ActiveCfg = Release|Any CPU
		{8DBE4E62-BBB9-4EA0-8A2E-0D1A7543F322}.Release|Any CPU.Build.0 = Release|Any CPU
		{8DBE4E62-BBB9-4EA0-8A2E-0D1A7543F322}.Release|iPhone.ActiveCfg = Release|Any CPU
		{8DBE4E62-BBB9-4EA0-8A2E-0D1A7543F322}.Release|iPhone.Build.0 = Release|Any CPU
		{8DBE4E62-BBB9-4EA0-8A2E-0D1A7543F322}.Release|iPhoneSimulator.ActiveCfg = Release|Any CPU
		{8DBE4E62-BBB9-4EA0-8A2E-0D1A7543F322}.Release|iPhoneSimulator.Build.0 = Release|Any CPU
	EndGlobalSection
	GlobalSection(SolutionProperties) = preSolution
		HideSolutionNode = FALSE
	EndGlobalSection
	GlobalSection(ExtensibilityGlobals) = postSolution
		SolutionGuid = {21643904-186D-4589-9899-E621E0766846}
	EndGlobalSection
EndGlobal
